// !$*UTF8*$!
{
	archiveVersion = 1;
	classes = {
	};
	objectVersion = 55;
	objects = {

/* Begin PBXBuildFile section */
		4A03A293288AC74300D44AC1 /* DynamicTableViewCell.swift in Sources */ = {isa = PBXBuildFile; fileRef = 4A03A291288AC74300D44AC1 /* DynamicTableViewCell.swift */; };
		4A03A294288AC74300D44AC1 /* DynamicTableViewCell.xib in Resources */ = {isa = PBXBuildFile; fileRef = 4A03A292288AC74300D44AC1 /* DynamicTableViewCell.xib */; };
		4ABB6FD828854B1500468CE5 /* AppDelegate.swift in Sources */ = {isa = PBXBuildFile; fileRef = 4ABB6FD728854B1500468CE5 /* AppDelegate.swift */; };
		4ABB6FDA28854B1500468CE5 /* SceneDelegate.swift in Sources */ = {isa = PBXBuildFile; fileRef = 4ABB6FD928854B1500468CE5 /* SceneDelegate.swift */; };
		4ABB6FDC28854B1500468CE5 /* ViewController.swift in Sources */ = {isa = PBXBuildFile; fileRef = 4ABB6FDB28854B1500468CE5 /* ViewController.swift */; };
		4ABB6FDF28854B1500468CE5 /* Main.storyboard in Resources */ = {isa = PBXBuildFile; fileRef = 4ABB6FDD28854B1500468CE5 /* Main.storyboard */; };
		4ABB6FE128854B1A00468CE5 /* Assets.xcassets in Resources */ = {isa = PBXBuildFile; fileRef = 4ABB6FE028854B1A00468CE5 /* Assets.xcassets */; };
		4ABB6FE428854B1A00468CE5 /* LaunchScreen.storyboard in Resources */ = {isa = PBXBuildFile; fileRef = 4ABB6FE228854B1A00468CE5 /* LaunchScreen.storyboard */; };
		4ABB6FF3288A38BF00468CE5 /* DynamicTableViewController.swift in Sources */ = {isa = PBXBuildFile; fileRef = 4ABB6FF1288A38BF00468CE5 /* DynamicTableViewController.swift */; };
/* End PBXBuildFile section */

/* Begin PBXFileReference section */
		4A03A291288AC74300D44AC1 /* DynamicTableViewCell.swift */ = {isa = PBXFileReference; lastKnownFileType = sourcecode.swift; path = DynamicTableViewCell.swift; sourceTree = "<group>"; };
		4A03A292288AC74300D44AC1 /* DynamicTableViewCell.xib */ = {isa = PBXFileReference; lastKnownFileType = file.xib; path = DynamicTableViewCell.xib; sourceTree = "<group>"; };
		4ABB6FD428854B1500468CE5 /* Layout_UI_Series.app */ = {isa = PBXFileReference; explicitFileType = wrapper.application; includeInIndex = 0; path = Layout_UI_Series.app; sourceTree = BUILT_PRODUCTS_DIR; };
		4ABB6FD728854B1500468CE5 /* AppDelegate.swift */ = {isa = PBXFileReference; lastKnownFileType = sourcecode.swift; path = AppDelegate.swift; sourceTree = "<group>"; };
		4ABB6FD928854B1500468CE5 /* SceneDelegate.swift */ = {isa = PBXFileReference; lastKnownFileType = sourcecode.swift; path = SceneDelegate.swift; sourceTree = "<group>"; };
		4ABB6FDB28854B1500468CE5 /* ViewController.swift */ = {isa = PBXFileReference; lastKnownFileType = sourcecode.swift; path = ViewController.swift; sourceTree = "<group>"; };
		4ABB6FDE28854B1500468CE5 /* Base */ = {isa = PBXFileReference; lastKnownFileType = file.storyboard; name = Base; path = Base.lproj/Main.storyboard; sourceTree = "<group>"; };
		4ABB6FE028854B1A00468CE5 /* Assets.xcassets */ = {isa = PBXFileReference; lastKnownFileType = folder.assetcatalog; path = Assets.xcassets; sourceTree = "<group>"; };
		4ABB6FE328854B1A00468CE5 /* Base */ = {isa = PBXFileReference; lastKnownFileType = file.storyboard; name = Base; path = Base.lproj/LaunchScreen.storyboard; sourceTree = "<group>"; };
		4ABB6FE528854B1A00468CE5 /* Info.plist */ = {isa = PBXFileReference; lastKnownFileType = text.plist.xml; path = Info.plist; sourceTree = "<group>"; };
		4ABB6FF1288A38BF00468CE5 /* DynamicTableViewController.swift */ = {isa = PBXFileReference; lastKnownFileType = sourcecode.swift; path = DynamicTableViewController.swift; sourceTree = "<group>"; };
/* End PBXFileReference section */

/* Begin PBXFrameworksBuildPhase section */
		4ABB6FD128854B1500468CE5 /* Frameworks */ = {
			isa = PBXFrameworksBuildPhase;
			buildActionMask = 2147483647;
			files = (
			);
			runOnlyForDeploymentPostprocessing = 0;
		};
/* End PBXFrameworksBuildPhase section */

/* Begin PBXGroup section */
		4ABB6FCB28854B1500468CE5 = {
			isa = PBXGroup;
			children = (
				4ABB6FD628854B1500468CE5 /* Layout_UI_Series */,
				4ABB6FD528854B1500468CE5 /* Products */,
			);
			sourceTree = "<group>";
		};
		4ABB6FD528854B1500468CE5 /* Products */ = {
			isa = PBXGroup;
			children = (
				4ABB6FD428854B1500468CE5 /* Layout_UI_Series.app */,
			);
			name = Products;
			sourceTree = "<group>";
		};
		4ABB6FD628854B1500468CE5 /* Layout_UI_Series */ = {
			isa = PBXGroup;
			children = (
				4ABB6FD728854B1500468CE5 /* AppDelegate.swift */,
				4ABB6FD928854B1500468CE5 /* SceneDelegate.swift */,
				4ABB6FDB28854B1500468CE5 /* ViewController.swift */,
				4ABB6FDD28854B1500468CE5 /* Main.storyboard */,
				4ABB6FE028854B1A00468CE5 /* Assets.xcassets */,
				4ABB6FE228854B1A00468CE5 /* LaunchScreen.storyboard */,
				4ABB6FE528854B1A00468CE5 /* Info.plist */,
				4ABB6FF5288A38D000468CE5 /* DynamicTableViewController */,
			);
			path = Layout_UI_Series;
			sourceTree = "<group>";
		};
		4ABB6FF5288A38D000468CE5 /* DynamicTableViewController */ = {
			isa = PBXGroup;
			children = (
				4ABB6FF1288A38BF00468CE5 /* DynamicTableViewController.swift */,
				4A03A291288AC74300D44AC1 /* DynamicTableViewCell.swift */,
				4A03A292288AC74300D44AC1 /* DynamicTableViewCell.xib */,
			);
			path = DynamicTableViewController;
			sourceTree = "<group>";
		};
/* End PBXGroup section */

/* Begin PBXNativeTarget section */
		4ABB6FD328854B1500468CE5 /* Layout_UI_Series */ = {
			isa = PBXNativeTarget;
			buildConfigurationList = 4ABB6FE828854B1A00468CE5 /* Build configuration list for PBXNativeTarget "Layout_UI_Series" */;
			buildPhases = (
				4ABB6FD028854B1500468CE5 /* Sources */,
				4ABB6FD128854B1500468CE5 /* Frameworks */,
				4ABB6FD228854B1500468CE5 /* Resources */,
			);
			buildRules = (
			);
			dependencies = (
			);
			name = Layout_UI_Series;
			productName = Layout_UI_Series;
			productReference = 4ABB6FD428854B1500468CE5 /* Layout_UI_Series.app */;
			productType = "com.apple.product-type.application";
		};
/* End PBXNativeTarget section */

/* Begin PBXProject section */
		4ABB6FCC28854B1500468CE5 /* Project object */ = {
			isa = PBXProject;
			attributes = {
				BuildIndependentTargetsInParallel = 1;
				LastSwiftUpdateCheck = 1340;
				LastUpgradeCheck = 1340;
				TargetAttributes = {
					4ABB6FD328854B1500468CE5 = {
						CreatedOnToolsVersion = 13.4.1;
					};
				};
			};
			buildConfigurationList = 4ABB6FCF28854B1500468CE5 /* Build configuration list for PBXProject "Layout_UI_Series" */;
			compatibilityVersion = "Xcode 13.0";
			developmentRegion = en;
			hasScannedForEncodings = 0;
			knownRegions = (
				en,
				Base,
			);
			mainGroup = 4ABB6FCB28854B1500468CE5;
			productRefGroup = 4ABB6FD528854B1500468CE5 /* Products */;
			projectDirPath = "";
			projectRoot = "";
			targets = (
				4ABB6FD328854B1500468CE5 /* Layout_UI_Series */,
			);
		};
/* End PBXProject section */

/* Begin PBXResourcesBuildPhase section */
		4ABB6FD228854B1500468CE5 /* Resources */ = {
			isa = PBXResourcesBuildPhase;
			buildActionMask = 2147483647;
			files = (
				4ABB6FE428854B1A00468CE5 /* LaunchScreen.storyboard in Resources */,
				4A03A294288AC74300D44AC1 /* DynamicTableViewCell.xib in Resources */,
				4ABB6FE128854B1A00468CE5 /* Assets.xcassets in Resources */,
				4ABB6FDF28854B1500468CE5 /* Main.storyboard in Resources */,
			);
			runOnlyForDeploymentPostprocessing = 0;
		};
/* End PBXResourcesBuildPhase section */

/* Begin PBXSourcesBuildPhase section */
		4ABB6FD028854B1500468CE5 /* Sources */ = {
			isa = PBXSourcesBuildPhase;
			buildActionMask = 2147483647;
			files = (
				4A03A293288AC74300D44AC1 /* DynamicTableViewCell.swift in Sources */,
				4ABB6FDC28854B1500468CE5 /* ViewController.swift in Sources */,
				4ABB6FD828854B1500468CE5 /* AppDelegate.swift in Sources */,
				4ABB6FF3288A38BF00468CE5 /* DynamicTableViewController.swift in Sources */,
				4ABB6FDA28854B1500468CE5 /* SceneDelegate.swift in Sources */,
			);
			runOnlyForDeploymentPostprocessing = 0;
		};
/* End PBXSourcesBuildPhase section */

/* Begin PBXVariantGroup section */
		4ABB6FDD28854B1500468CE5 /* Main.storyboard */ = {
			isa = PBXVariantGroup;
			children = (
				4ABB6FDE28854B1500468CE5 /* Base */,
			);
			name = Main.storyboard;
			sourceTree = "<group>";
		};
		4ABB6FE228854B1A00468CE5 /* LaunchScreen.storyboard */ = {
			isa = PBXVariantGroup;
			children = (
				4ABB6FE328854B1A00468CE5 /* Base */,
			);
			name = LaunchScreen.storyboard;
			sourceTree = "<group>";
		};
/* End PBXVariantGroup section */

/* Begin XCBuildConfiguration section */
		4ABB6FE628854B1A00468CE5 /* Debug */ = {
			isa = XCBuildConfiguration;
			buildSettings = {
				ALWAYS_SEARCH_USER_PATHS = NO;
				CLANG_ANALYZER_NONNULL = YES;
				CLANG_ANALYZER_NUMBER_OBJECT_CONVERSION = YES_AGGRESSIVE;
				CLANG_CXX_LANGUAGE_STANDARD = "gnu++17";
				CLANG_ENABLE_MODULES = YES;
				CLANG_ENABLE_OBJC_ARC = YES;
				CLANG_ENABLE_OBJC_WEAK = YES;
				CLANG_WARN_BLOCK_CAPTURE_AUTORELEASING = YES;
				CLANG_WARN_BOOL_CONVERSION = YES;
				CLANG_WARN_COMMA = YES;
				CLANG_WARN_CONSTANT_CONVERSION = YES;
				CLANG_WARN_DEPRECATED_OBJC_IMPLEMENTATIONS = YES;
				CLANG_WARN_DIRECT_OBJC_ISA_USAGE = YES_ERROR;
				CLANG_WARN_DOCUMENTATION_COMMENTS = YES;
				CLANG_WARN_EMPTY_BODY = YES;
				CLANG_WARN_ENUM_CONVERSION = YES;
				CLANG_WARN_INFINITE_RECURSION = YES;
				CLANG_WARN_INT_CONVERSION = YES;
				CLANG_WARN_NON_LITERAL_NULL_CONVERSION = YES;
				CLANG_WARN_OBJC_IMPLICIT_RETAIN_SELF = YES;
				CLANG_WARN_OBJC_LITERAL_CONVERSION = YES;
				CLANG_WARN_OBJC_ROOT_CLASS = YES_ERROR;
				CLANG_WARN_QUOTED_INCLUDE_IN_FRAMEWORK_HEADER = YES;
				CLANG_WARN_RANGE_LOOP_ANALYSIS = YES;
				CLANG_WARN_STRICT_PROTOTYPES = YES;
				CLANG_WARN_SUSPICIOUS_MOVE = YES;
				CLANG_WARN_UNGUARDED_AVAILABILITY = YES_AGGRESSIVE;
				CLANG_WARN_UNREACHABLE_CODE = YES;
				CLANG_WARN__DUPLICATE_METHOD_MATCH = YES;
				COPY_PHASE_STRIP = NO;
				DEBUG_INFORMATION_FORMAT = dwarf;
				ENABLE_STRICT_OBJC_MSGSEND = YES;
				ENABLE_TESTABILITY = YES;
				GCC_C_LANGUAGE_STANDARD = gnu11;
				GCC_DYNAMIC_NO_PIC = NO;
				GCC_NO_COMMON_BLOCKS = YES;
				GCC_OPTIMIZATION_LEVEL = 0;
				GCC_PREPROCESSOR_DEFINITIONS = (
					"DEBUG=1",
					"$(inherited)",
				);
				GCC_WARN_64_TO_32_BIT_CONVERSION = YES;
				GCC_WARN_ABOUT_RETURN_TYPE = YES_ERROR;
				GCC_WARN_UNDECLARED_SELECTOR = YES;
				GCC_WARN_UNINITIALIZED_AUTOS = YES_AGGRESSIVE;
				GCC_WARN_UNUSED_FUNCTION = YES;
				GCC_WARN_UNUSED_VARIABLE = YES;
				IPHONEOS_DEPLOYMENT_TARGET = 15.5;
				MTL_ENABLE_DEBUG_INFO = INCLUDE_SOURCE;
				MTL_FAST_MATH = YES;
				ONLY_ACTIVE_ARCH = YES;
				SDKROOT = iphoneos;
				SWIFT_ACTIVE_COMPILATION_CONDITIONS = DEBUG;
				SWIFT_OPTIMIZATION_LEVEL = "-Onone";
			};
			name = Debug;
		};
		4ABB6FE728854B1A00468CE5 /* Release */ = {
			isa = XCBuildConfiguration;
			buildSettings = {
				ALWAYS_SEARCH_USER_PATHS = NO;
				CLANG_ANALYZER_NONNULL = YES;
				CLANG_ANALYZER_NUMBER_OBJECT_CONVERSION = YES_AGGRESSIVE;
				CLANG_CXX_LANGUAGE_STANDARD = "gnu++17";
				CLANG_ENABLE_MODULES = YES;
				CLANG_ENABLE_OBJC_ARC = YES;
				CLANG_ENABLE_OBJC_WEAK = YES;
				CLANG_WARN_BLOCK_CAPTURE_AUTORELEASING = YES;
				CLANG_WARN_BOOL_CONVERSION = YES;
				CLANG_WARN_COMMA = YES;
				CLANG_WARN_CONSTANT_CONVERSION = YES;
				CLANG_WARN_DEPRECATED_OBJC_IMPLEMENTATIONS = YES;
				CLANG_WARN_DIRECT_OBJC_ISA_USAGE = YES_ERROR;
				CLANG_WARN_DOCUMENTATION_COMMENTS = YES;
				CLANG_WARN_EMPTY_BODY = YES;
				CLANG_WARN_ENUM_CONVERSION = YES;
				CLANG_WARN_INFINITE_RECURSION = YES;
				CLANG_WARN_INT_CONVERSION = YES;
				CLANG_WARN_NON_LITERAL_NULL_CONVERSION = YES;
				CLANG_WARN_OBJC_IMPLICIT_RETAIN_SELF = YES;
				CLANG_WARN_OBJC_LITERAL_CONVERSION = YES;
				CLANG_WARN_OBJC_ROOT_CLASS = YES_ERROR;
				CLANG_WARN_QUOTED_INCLUDE_IN_FRAMEWORK_HEADER = YES;
				CLANG_WARN_RANGE_LOOP_ANALYSIS = YES;
				CLANG_WARN_STRICT_PROTOTYPES = YES;
				CLANG_WARN_SUSPICIOUS_MOVE = YES;
				CLANG_WARN_UNGUARDED_AVAILABILITY = YES_AGGRESSIVE;
				CLANG_WARN_UNREACHABLE_CODE = YES;
				CLANG_WARN__DUPLICATE_METHOD_MATCH = YES;
				COPY_PHASE_STRIP = NO;
				DEBUG_INFORMATION_FORMAT = "dwarf-with-dsym";
				ENABLE_NS_ASSERTIONS = NO;
				ENABLE_STRICT_OBJC_MSGSEND = YES;
				GCC_C_LANGUAGE_STANDARD = gnu11;
				GCC_NO_COMMON_BLOCKS = YES;
				GCC_WARN_64_TO_32_BIT_CONVERSION = YES;
				GCC_WARN_ABOUT_RETURN_TYPE = YES_ERROR;
				GCC_WARN_UNDECLARED_SELECTOR = YES;
				GCC_WARN_UNINITIALIZED_AUTOS = YES_AGGRESSIVE;
				GCC_WARN_UNUSED_FUNCTION = YES;
				GCC_WARN_UNUSED_VARIABLE = YES;
				IPHONEOS_DEPLOYMENT_TARGET = 15.5;
				MTL_ENABLE_DEBUG_INFO = NO;
				MTL_FAST_MATH = YES;
				SDKROOT = iphoneos;
				SWIFT_COMPILATION_MODE = wholemodule;
				SWIFT_OPTIMIZATION_LEVEL = "-O";
				VALIDATE_PRODUCT = YES;
			};
			name = Release;
		};
		4ABB6FE928854B1A00468CE5 /* Debug */ = {
			isa = XCBuildConfiguration;
			buildSettings = {
				ASSETCATALOG_COMPILER_APPICON_NAME = AppIcon;
				ASSETCATALOG_COMPILER_GLOBAL_ACCENT_COLOR_NAME = AccentColor;
				CODE_SIGN_STYLE = Automatic;
				CURRENT_PROJECT_VERSION = 1;
				DEVELOPMENT_TEAM = 34W84KZ724;
				GENERATE_INFOPLIST_FILE = YES;
				INFOPLIST_FILE = Layout_UI_Series/Info.plist;
				INFOPLIST_KEY_UIApplicationSupportsIndirectInputEvents = YES;
				INFOPLIST_KEY_UILaunchStoryboardName = LaunchScreen;
				INFOPLIST_KEY_UIMainStoryboardFile = Main;
				INFOPLIST_KEY_UISupportedInterfaceOrientations_iPad = "UIInterfaceOrientationPortrait UIInterfaceOrientationPortraitUpsideDown UIInterfaceOrientationLandscapeLeft UIInterfaceOrientationLandscapeRight";
				INFOPLIST_KEY_UISupportedInterfaceOrientations_iPhone = "UIInterfaceOrientationPortrait UIInterfaceOrientationLandscapeLeft UIInterfaceOrientationLandscapeRight";
				LD_RUNPATH_SEARCH_PATHS = (
					"$(inherited)",
					"@executable_path/Frameworks",
				);
				MARKETING_VERSION = 1.0;
				PRODUCT_BUNDLE_IDENTIFIER = "sh1mj1.Layout-UI-Series";
				PRODUCT_NAME = "$(TARGET_NAME)";
				SWIFT_EMIT_LOC_STRINGS = YES;
				SWIFT_VERSION = 5.0;
				TARGETED_DEVICE_FAMILY = "1,2";
			};
			name = Debug;
		};
		4ABB6FEA28854B1A00468CE5 /* Release */ = {
			isa = XCBuildConfiguration;
			buildSettings = {
				ASSETCATALOG_COMPILER_APPICON_NAME = AppIcon;
				ASSETCATALOG_COMPILER_GLOBAL_ACCENT_COLOR_NAME = AccentColor;
				CODE_SIGN_STYLE = Automatic;
				CURRENT_PROJECT_VERSION = 1;
				DEVELOPMENT_TEAM = 34W84KZ724;
				GENERATE_INFOPLIST_FILE = YES;
				INFOPLIST_FILE = Layout_UI_Series/Info.plist;
				INFOPLIST_KEY_UIApplicationSupportsIndirectInputEvents = YES;
				INFOPLIST_KEY_UILaunchStoryboardName = LaunchScreen;
				INFOPLIST_KEY_UIMainStoryboardFile = Main;
				INFOPLIST_KEY_UISupportedInterfaceOrientations_iPad = "UIInterfaceOrientationPortrait UIInterfaceOrientationPortraitUpsideDown UIInterfaceOrientationLandscapeLeft UIInterfaceOrientationLandscapeRight";
				INFOPLIST_KEY_UISupportedInterfaceOrientations_iPhone = "UIInterfaceOrientationPortrait UIInterfaceOrientationLandscapeLeft UIInterfaceOrientationLandscapeRight";
				LD_RUNPATH_SEARCH_PATHS = (
					"$(inherited)",
					"@executable_path/Frameworks",
				);
				MARKETING_VERSION = 1.0;
				PRODUCT_BUNDLE_IDENTIFIER = "sh1mj1.Layout-UI-Series";
				PRODUCT_NAME = "$(TARGET_NAME)";
				SWIFT_EMIT_LOC_STRINGS = YES;
				SWIFT_VERSION = 5.0;
				TARGETED_DEVICE_FAMILY = "1,2";
			};
			name = Release;
		};
/* End XCBuildConfiguration section */

/* Begin XCConfigurationList section */
		4ABB6FCF28854B1500468CE5 /* Build configuration list for PBXProject "Layout_UI_Series" */ = {
			isa = XCConfigurationList;
			buildConfigurations = (
				4ABB6FE628854B1A00468CE5 /* Debug */,
				4ABB6FE728854B1A00468CE5 /* Release */,
			);
			defaultConfigurationIsVisible = 0;
			defaultConfigurationName = Release;
		};
		4ABB6FE828854B1A00468CE5 /* Build configuration list for PBXNativeTarget "Layout_UI_Series" */ = {
			isa = XCConfigurationList;
			buildConfigurations = (
				4ABB6FE928854B1A00468CE5 /* Debug */,
				4ABB6FEA28854B1A00468CE5 /* Release */,
			);
			defaultConfigurationIsVisible = 0;
			defaultConfigurationName = Release;
		};
/* End XCConfigurationList section */
	};
	rootObject = 4ABB6FCC28854B1500468CE5 /* Project object */;
}
